
Microsoft Visual Studio Solution File, Format Version 12.00
# Visual Studio Version 17
VisualStudioVersion = 17.14.36915.13 d17.14
MinimumVisualStudioVersion = 10.0.40219.1
Project("{8BC9CEB8-8B4A-11D0-8D11-00A0C91BC942}") = "RESTART VIRUS", "RESTART VIRUS\RESTART VIRUS.vcxproj", "{6DD1ED80-C5D7-40ED-9702-CB9101C31A47}"
EndProject
Global
	GlobalSection(SolutionConfigurationPlatforms) = preSolution
		Debug|x64 = Debug|x64
		Debug|x86 = Debug|x86
		Release|x64 = Release|x64
		Release|x86 = Release|x86
	EndGlobalSection
	GlobalSection(ProjectConfigurationPlatforms) = postSolution
		{6DD1ED80-C5D7-40ED-9702-CB9101C31A47}.Debug|x64.ActiveCfg = Debug|x64
		{6DD1ED80-C5D7-40ED-9702-CB9101C31A47}.Debug|x64.Build.0 = Debug|x64
		{6DD1ED80-C5D7-40ED-9702-CB9101C31A47}.Debug|x86.ActiveCfg = Debug|Win32
		{6DD1ED80-C5D7-40ED-9702-CB9101C31A47}.Debug|x86.Build.0 = Debug|Win32
		{6DD1ED80-C5D7-40ED-9702-CB9101C31A47}.Release|x64.ActiveCfg = Release|x64
		{6DD1ED80-C5D7-40ED-9702-CB9101C31A47}.Release|x64.Build.0 = Release|x64
		{6DD1ED80-C5D7-40ED-9702-CB9101C31A47}.Release|x86.ActiveCfg = Release|Win32
		{6DD1ED80-C5D7-40ED-9702-CB9101C31A47}.Release|x86.Build.0 = Release|Win32
	EndGlobalSection
	GlobalSection(SolutionProperties) = preSolution
		HideSolutionNode = FALSE
	EndGlobalSection
	GlobalSection(ExtensibilityGlobals) = postSolution
		SolutionGuid = {DB64EAC6-64C8-472D-A62E-6C8ABB41C108}
	EndGlobalSection
EndGlobal
